
Microsoft Visual Studio Solution File, Format Version 12.00
# Visual Studio Version 17
VisualStudioVersion = 17.1.32421.90
MinimumVisualStudioVersion = 10.0.40219.1
Project("{FAE04EC0-301F-11D3-BF4B-00C04F79EFBC}") = "template-csharp-reviews-site", "template-csharp-reviews-site\template-csharp-reviews-site.csproj", "{F16B1780-0C8A-4A40-A6E6-7D60B38E2AA3}"
EndProject
Global
	GlobalSection(SolutionConfigurationPlatforms) = preSolution
		Debug|Any CPU = Debug|Any CPU
		Release|Any CPU = Release|Any CPU
	EndGlobalSection
	GlobalSection(ProjectConfigurationPlatforms) = postSolution
		{F16B1780-0C8A-4A40-A6E6-7D60B38E2AA3}.Debug|Any CPU.ActiveCfg = Debug|Any CPU
		{F16B1780-0C8A-4A40-A6E6-7D60B38E2AA3}.Debug|Any CPU.Build.0 = Debug|Any CPU
		{F16B1780-0C8A-4A40-A6E6-7D60B38E2AA3}.Release|Any CPU.ActiveCfg = Release|Any CPU
		{F16B1780-0C8A-4A40-A6E6-7D60B38E2AA3}.Release|Any CPU.Build.0 = Release|Any CPU
	EndGlobalSection
	GlobalSection(SolutionProperties) = preSolution
		HideSolutionNode = FALSE
	EndGlobalSection
	GlobalSection(ExtensibilityGlobals) = postSolution
		SolutionGuid = {C7214C06-1808-4545-9B42-C979172687C9}
	EndGlobalSection
EndGlobal
